
Microsoft Visual Studio Solution File, Format Version 12.00
# Visual Studio 15
VisualStudioVersion = 15.0.26730.12
MinimumVisualStudioVersion = 10.0.40219.1
Project("{8BC9CEB8-8B4A-11D0-8D11-00A0C91BC942}") = "BeamDiscordRPC", "BeamDiscordRPC\BeamDiscordRPC.vcxproj", "{276B7503-B655-4B52-8F16-30B24C6E1788}"
EndProject
Global
	GlobalSection(SolutionConfigurationPlatforms) = preSolution
		Debug|x64 = Debug|x64
		Debug|x86 = Debug|x86
		Release|x64 = Release|x64
		Release|x86 = Release|x86
	EndGlobalSection
	GlobalSection(ProjectConfigurationPlatforms) = postSolution
		{276B7503-B655-4B52-8F16-30B24C6E1788}.Debug|x64.ActiveCfg = Debug|x64
		{276B7503-B655-4B52-8F16-30B24C6E1788}.Debug|x64.Build.0 = Debug|x64
		{276B7503-B655-4B52-8F16-30B24C6E1788}.Debug|x86.ActiveCfg = Debug|Win32
		{276B7503-B655-4B52-8F16-30B24C6E1788}.Debug|x86.Build.0 = Debug|Win32
		{276B7503-B655-4B52-8F16-30B24C6E1788}.Release|x64.ActiveCfg = Release|x64
		{276B7503-B655-4B52-8F16-30B24C6E1788}.Release|x64.Build.0 = Release|x64
		{276B7503-B655-4B52-8F16-30B24C6E1788}.Release|x86.ActiveCfg = Release|Win32
		{276B7503-B655-4B52-8F16-30B24C6E1788}.Release|x86.Build.0 = Release|Win32
	EndGlobalSection
	GlobalSection(SolutionProperties) = preSolution
		HideSolutionNode = FALSE
	EndGlobalSection
	GlobalSection(ExtensibilityGlobals) = postSolution
		SolutionGuid = {CB427E71-9EE4-4C18-AF0D-572481002C07}
	EndGlobalSection
EndGlobal
